
Microsoft Visual Studio Solution File, Format Version 12.00
# Visual Studio Version 17
VisualStudioVersion = 17.7.34024.191
MinimumVisualStudioVersion = 10.0.40219.1
Project("{FAE04EC0-301F-11D3-BF4B-00C04F79EFBC}") = "Dsl", "Dsl\Dsl.csproj", "{488D1A6E-93F2-4D0C-867E-3ACE7BBF65D4}"
EndProject
Project("{FAE04EC0-301F-11D3-BF4B-00C04F79EFBC}") = "DslPackage", "DslPackage\DslPackage.csproj", "{43DCACBC-8264-4C68-BAEF-308C4368BFBF}"
EndProject
Global
	GlobalSection(SolutionConfigurationPlatforms) = preSolution
		Debug|Any CPU = Debug|Any CPU
		Debug|arm64 = Debug|arm64
		Debug|x86 = Debug|x86
		Release|Any CPU = Release|Any CPU
		Release|arm64 = Release|arm64
		Release|x86 = Release|x86
	EndGlobalSection
	GlobalSection(ProjectConfigurationPlatforms) = postSolution
		{488D1A6E-93F2-4D0C-867E-3ACE7BBF65D4}.Debug|Any CPU.ActiveCfg = Debug|Any CPU
		{488D1A6E-93F2-4D0C-867E-3ACE7BBF65D4}.Debug|Any CPU.Build.0 = Debug|Any CPU
		{488D1A6E-93F2-4D0C-867E-3ACE7BBF65D4}.Debug|arm64.ActiveCfg = Debug|Any CPU
		{488D1A6E-93F2-4D0C-867E-3ACE7BBF65D4}.Debug|arm64.Build.0 = Debug|Any CPU
		{488D1A6E-93F2-4D0C-867E-3ACE7BBF65D4}.Debug|x86.ActiveCfg = Debug|Any CPU
		{488D1A6E-93F2-4D0C-867E-3ACE7BBF65D4}.Debug|x86.Build.0 = Debug|Any CPU
		{488D1A6E-93F2-4D0C-867E-3ACE7BBF65D4}.Release|Any CPU.ActiveCfg = Release|Any CPU
		{488D1A6E-93F2-4D0C-867E-3ACE7BBF65D4}.Release|Any CPU.Build.0 = Release|Any CPU
		{488D1A6E-93F2-4D0C-867E-3ACE7BBF65D4}.Release|arm64.ActiveCfg = Release|Any CPU
		{488D1A6E-93F2-4D0C-867E-3ACE7BBF65D4}.Release|arm64.Build.0 = Release|Any CPU
		{488D1A6E-93F2-4D0C-867E-3ACE7BBF65D4}.Release|x86.ActiveCfg = Release|Any CPU
		{488D1A6E-93F2-4D0C-867E-3ACE7BBF65D4}.Release|x86.Build.0 = Release|Any CPU
		{43DCACBC-8264-4C68-BAEF-308C4368BFBF}.Debug|Any CPU.ActiveCfg = Debug|Any CPU
		{43DCACBC-8264-4C68-BAEF-308C4368BFBF}.Debug|Any CPU.Build.0 = Debug|Any CPU
		{43DCACBC-8264-4C68-BAEF-308C4368BFBF}.Debug|arm64.ActiveCfg = Debug|arm64
		{43DCACBC-8264-4C68-BAEF-308C4368BFBF}.Debug|arm64.Build.0 = Debug|arm64
		{43DCACBC-8264-4C68-BAEF-308C4368BFBF}.Debug|x86.ActiveCfg = Debug|x86
		{43DCACBC-8264-4C68-BAEF-308C4368BFBF}.Debug|x86.Build.0 = Debug|x86
		{43DCACBC-8264-4C68-BAEF-308C4368BFBF}.Release|Any CPU.ActiveCfg = Release|Any CPU
		{43DCACBC-8264-4C68-BAEF-308C4368BFBF}.Release|Any CPU.Build.0 = Release|Any CPU
		{43DCACBC-8264-4C68-BAEF-308C4368BFBF}.Release|arm64.ActiveCfg = Release|arm64
		{43DCACBC-8264-4C68-BAEF-308C4368BFBF}.Release|arm64.Build.0 = Release|arm64
		{43DCACBC-8264-4C68-BAEF-308C4368BFBF}.Release|x86.ActiveCfg = Release|x86
		{43DCACBC-8264-4C68-BAEF-308C4368BFBF}.Release|x86.Build.0 = Release|x86
	EndGlobalSection
	GlobalSection(SolutionProperties) = preSolution
		HideSolutionNode = FALSE
	EndGlobalSection
	GlobalSection(ExtensibilityGlobals) = postSolution
		SolutionGuid = {67FAB4BB-6931-4DB8-B119-F37B7820961E}
	EndGlobalSection
EndGlobal
