
Microsoft Visual Studio Solution File, Format Version 12.00
# Visual Studio 12
Project("{FAE04EC0-301F-11D3-BF4B-00C04F79EFBC}") = "Debugging", "Debugging.csproj", "{bc03273c-e2fd-47fc-865d-bf2fe5a611aa}"
EndProject
Global
	GlobalSection(TextTemplating) = postSolution
		TextTemplating = 1
	EndGlobalSection
	GlobalSection(SolutionConfigurationPlatforms) = preSolution
		Debug|Any CPU = Debug|Any CPU
		Release|Any CPU = Release|Any CPU
	EndGlobalSection
	GlobalSection(ProjectConfigurationPlatforms) = postSolution
		{bc03273c-e2fd-47fc-865d-bf2fe5a611aa}.Debug|Any CPU.ActiveCfg = Debug|Any CPU
		{bc03273c-e2fd-47fc-865d-bf2fe5a611aa}.Debug|Any CPU.Build.0 = Debug|Any CPU
		{bc03273c-e2fd-47fc-865d-bf2fe5a611aa}.Release|Any CPU.ActiveCfg = Release|Any CPU
		{bc03273c-e2fd-47fc-865d-bf2fe5a611aa}.Release|Any CPU.Build.0 = Release|Any CPU
	EndGlobalSection
	GlobalSection(SolutionProperties) = preSolution
		HideSolutionNode = FALSE
	EndGlobalSection
EndGlobal
